
Microsoft Visual Studio Solution File, Format Version 12.00
# Visual Studio Version 17
VisualStudioVersion = 17.2.32526.322
MinimumVisualStudioVersion = 10.0.40219.1
Project("{9A19103F-16F7-4668-BE54-9A1E7A4F7556}") = "Module004HW5", "Module004HW5.csproj", "{B0BD602F-8C21-4223-89DD-76BD6749DC61}"
EndProject
Global
	GlobalSection(SolutionConfigurationPlatforms) = preSolution
		Debug|Any CPU = Debug|Any CPU
		Release|Any CPU = Release|Any CPU
	EndGlobalSection
	GlobalSection(ProjectConfigurationPlatforms) = postSolution
		{B0BD602F-8C21-4223-89DD-76BD6749DC61}.Debug|Any CPU.ActiveCfg = Debug|Any CPU
		{B0BD602F-8C21-4223-89DD-76BD6749DC61}.Debug|Any CPU.Build.0 = Debug|Any CPU
		{B0BD602F-8C21-4223-89DD-76BD6749DC61}.Release|Any CPU.ActiveCfg = Release|Any CPU
		{B0BD602F-8C21-4223-89DD-76BD6749DC61}.Release|Any CPU.Build.0 = Release|Any CPU
	EndGlobalSection
	GlobalSection(SolutionProperties) = preSolution
		HideSolutionNode = FALSE
	EndGlobalSection
	GlobalSection(ExtensibilityGlobals) = postSolution
		SolutionGuid = {E328DF31-61C9-4D12-A941-5DFDAEF11A92}
	EndGlobalSection
EndGlobal
